// !$*UTF8*$!
{
	archiveVersion = 1;
	classes = {
	};
	objectVersion = 56;
	objects = {

/* Begin PBXBuildFile section */
		77CA69F27004B58CA0EBDEF5 /* Pods_Pain_App_Pain_AppUITests.framework in Frameworks */ = {isa = PBXBuildFile; fileRef = F2408C6E3FD0A1513B1BAD62 /* Pods_Pain_App_Pain_AppUITests.framework */; };
		A92E415928EFF12C007AB82D /* ContentView.swift in Sources */ = {isa = PBXBuildFile; fileRef = A97F264428ED38E8004AD743 /* ContentView.swift */; };
		A936074628EFFF71007F4BFB /* amplifyconfiguration.json in Resources */ = {isa = PBXBuildFile; fileRef = A936074428EFFF71007F4BFB /* amplifyconfiguration.json */; };
		A936074728EFFF71007F4BFB /* awsconfiguration.json in Resources */ = {isa = PBXBuildFile; fileRef = A936074528EFFF71007F4BFB /* awsconfiguration.json */; };
		A97F264328ED38E8004AD743 /* Pain_AppApp.swift in Sources */ = {isa = PBXBuildFile; fileRef = A97F264228ED38E8004AD743 /* Pain_AppApp.swift */; };
		A97F264728ED38EC004AD743 /* Assets.xcassets in Resources */ = {isa = PBXBuildFile; fileRef = A97F264628ED38EC004AD743 /* Assets.xcassets */; };
		A97F264A28ED38EC004AD743 /* Preview Assets.xcassets in Resources */ = {isa = PBXBuildFile; fileRef = A97F264928ED38EC004AD743 /* Preview Assets.xcassets */; };
		A97F265428ED38ED004AD743 /* Pain_AppTests.swift in Sources */ = {isa = PBXBuildFile; fileRef = A97F265328ED38ED004AD743 /* Pain_AppTests.swift */; };
		A97F265E28ED38ED004AD743 /* Pain_AppUITests.swift in Sources */ = {isa = PBXBuildFile; fileRef = A97F265D28ED38ED004AD743 /* Pain_AppUITests.swift */; };
		A97F266028ED38ED004AD743 /* Pain_AppUITestsLaunchTests.swift in Sources */ = {isa = PBXBuildFile; fileRef = A97F265F28ED38ED004AD743 /* Pain_AppUITestsLaunchTests.swift */; };
		BEC12C2FA8583C91F483DF33 /* Pods_Pain_AppTests.framework in Frameworks */ = {isa = PBXBuildFile; fileRef = 5B80C822AC4E950EF9E79BC0 /* Pods_Pain_AppTests.framework */; };
		E393ED2F6407FEB98DB2C43D /* Pods_Pain_App.framework in Frameworks */ = {isa = PBXBuildFile; fileRef = 82E00E89535EEB431DE051A1 /* Pods_Pain_App.framework */; };
/* End PBXBuildFile section */

/* Begin PBXContainerItemProxy section */
		A97F265028ED38ED004AD743 /* PBXContainerItemProxy */ = {
			isa = PBXContainerItemProxy;
			containerPortal = A97F263728ED38E8004AD743 /* Project object */;
			proxyType = 1;
			remoteGlobalIDString = A97F263E28ED38E8004AD743;
			remoteInfo = "Pain App";
		};
		A97F265A28ED38ED004AD743 /* PBXContainerItemProxy */ = {
			isa = PBXContainerItemProxy;
			containerPortal = A97F263728ED38E8004AD743 /* Project object */;
			proxyType = 1;
			remoteGlobalIDString = A97F263E28ED38E8004AD743;
			remoteInfo = "Pain App";
		};
/* End PBXContainerItemProxy section */

/* Begin PBXFileReference section */
		100B82892060603C0D13B15D /* Pods-Pain App.debug.xcconfig */ = {isa = PBXFileReference; includeInIndex = 1; lastKnownFileType = text.xcconfig; name = "Pods-Pain App.debug.xcconfig"; path = "Target Support Files/Pods-Pain App/Pods-Pain App.debug.xcconfig"; sourceTree = "<group>"; };
		49951BF0F08E326A0D43D3BC /* Pods-Pain AppTests.release.xcconfig */ = {isa = PBXFileReference; includeInIndex = 1; lastKnownFileType = text.xcconfig; name = "Pods-Pain AppTests.release.xcconfig"; path = "Target Support Files/Pods-Pain AppTests/Pods-Pain AppTests.release.xcconfig"; sourceTree = "<group>"; };
		5B80C822AC4E950EF9E79BC0 /* Pods_Pain_AppTests.framework */ = {isa = PBXFileReference; explicitFileType = wrapper.framework; includeInIndex = 0; path = Pods_Pain_AppTests.framework; sourceTree = BUILT_PRODUCTS_DIR; };
		671FA55BDC801B38F5D21D3F /* Pods-Pain App-Pain AppUITests.release.xcconfig */ = {isa = PBXFileReference; includeInIndex = 1; lastKnownFileType = text.xcconfig; name = "Pods-Pain App-Pain AppUITests.release.xcconfig"; path = "Target Support Files/Pods-Pain App-Pain AppUITests/Pods-Pain App-Pain AppUITests.release.xcconfig"; sourceTree = "<group>"; };
		82E00E89535EEB431DE051A1 /* Pods_Pain_App.framework */ = {isa = PBXFileReference; explicitFileType = wrapper.framework; includeInIndex = 0; path = Pods_Pain_App.framework; sourceTree = BUILT_PRODUCTS_DIR; };
		831F205E734B993F002C0FD1 /* Pods-Pain AppTests.debug.xcconfig */ = {isa = PBXFileReference; includeInIndex = 1; lastKnownFileType = text.xcconfig; name = "Pods-Pain AppTests.debug.xcconfig"; path = "Target Support Files/Pods-Pain AppTests/Pods-Pain AppTests.debug.xcconfig"; sourceTree = "<group>"; };
		89D7643FCDE6CF643D2BF448 /* Pods-Pain App.release.xcconfig */ = {isa = PBXFileReference; includeInIndex = 1; lastKnownFileType = text.xcconfig; name = "Pods-Pain App.release.xcconfig"; path = "Target Support Files/Pods-Pain App/Pods-Pain App.release.xcconfig"; sourceTree = "<group>"; };
		A936074428EFFF71007F4BFB /* amplifyconfiguration.json */ = {isa = PBXFileReference; fileEncoding = 4; lastKnownFileType = text.json; path = amplifyconfiguration.json; sourceTree = SOURCE_ROOT; };
		A936074528EFFF71007F4BFB /* awsconfiguration.json */ = {isa = PBXFileReference; fileEncoding = 4; lastKnownFileType = text.json; path = awsconfiguration.json; sourceTree = SOURCE_ROOT; };
		A97F263F28ED38E8004AD743 /* Pain App.app */ = {isa = PBXFileReference; explicitFileType = wrapper.application; includeInIndex = 0; path = "Pain App.app"; sourceTree = BUILT_PRODUCTS_DIR; };
		A97F264228ED38E8004AD743 /* Pain_AppApp.swift */ = {isa = PBXFileReference; lastKnownFileType = sourcecode.swift; path = Pain_AppApp.swift; sourceTree = "<group>"; };
		A97F264428ED38E8004AD743 /* ContentView.swift */ = {isa = PBXFileReference; lastKnownFileType = sourcecode.swift; path = ContentView.swift; sourceTree = "<group>"; };
		A97F264628ED38EC004AD743 /* Assets.xcassets */ = {isa = PBXFileReference; lastKnownFileType = folder.assetcatalog; path = Assets.xcassets; sourceTree = "<group>"; };
		A97F264928ED38EC004AD743 /* Preview Assets.xcassets */ = {isa = PBXFileReference; lastKnownFileType = folder.assetcatalog; path = "Preview Assets.xcassets"; sourceTree = "<group>"; };
		A97F264F28ED38ED004AD743 /* Pain AppTests.xctest */ = {isa = PBXFileReference; explicitFileType = wrapper.cfbundle; includeInIndex = 0; path = "Pain AppTests.xctest"; sourceTree = BUILT_PRODUCTS_DIR; };
		A97F265328ED38ED004AD743 /* Pain_AppTests.swift */ = {isa = PBXFileReference; lastKnownFileType = sourcecode.swift; path = Pain_AppTests.swift; sourceTree = "<group>"; };
		A97F265928ED38ED004AD743 /* Pain AppUITests.xctest */ = {isa = PBXFileReference; explicitFileType = wrapper.cfbundle; includeInIndex = 0; path = "Pain AppUITests.xctest"; sourceTree = BUILT_PRODUCTS_DIR; };
		A97F265D28ED38ED004AD743 /* Pain_AppUITests.swift */ = {isa = PBXFileReference; lastKnownFileType = sourcecode.swift; path = Pain_AppUITests.swift; sourceTree = "<group>"; };
		A97F265F28ED38ED004AD743 /* Pain_AppUITestsLaunchTests.swift */ = {isa = PBXFileReference; lastKnownFileType = sourcecode.swift; path = Pain_AppUITestsLaunchTests.swift; sourceTree = "<group>"; };
		E7F1AE4A47C10B737B2F162C /* Pods-Pain App-Pain AppUITests.debug.xcconfig */ = {isa = PBXFileReference; includeInIndex = 1; lastKnownFileType = text.xcconfig; name = "Pods-Pain App-Pain AppUITests.debug.xcconfig"; path = "Target Support Files/Pods-Pain App-Pain AppUITests/Pods-Pain App-Pain AppUITests.debug.xcconfig"; sourceTree = "<group>"; };
		F2408C6E3FD0A1513B1BAD62 /* Pods_Pain_App_Pain_AppUITests.framework */ = {isa = PBXFileReference; explicitFileType = wrapper.framework; includeInIndex = 0; path = Pods_Pain_App_Pain_AppUITests.framework; sourceTree = BUILT_PRODUCTS_DIR; };
/* End PBXFileReference section */

/* Begin PBXFrameworksBuildPhase section */
		A97F263C28ED38E8004AD743 /* Frameworks */ = {
			isa = PBXFrameworksBuildPhase;
			buildActionMask = 2147483647;
			files = (
				E393ED2F6407FEB98DB2C43D /* Pods_Pain_App.framework in Frameworks */,
			);
			runOnlyForDeploymentPostprocessing = 0;
		};
		A97F264C28ED38ED004AD743 /* Frameworks */ = {
			isa = PBXFrameworksBuildPhase;
			buildActionMask = 2147483647;
			files = (
				BEC12C2FA8583C91F483DF33 /* Pods_Pain_AppTests.framework in Frameworks */,
			);
			runOnlyForDeploymentPostprocessing = 0;
		};
		A97F265628ED38ED004AD743 /* Frameworks */ = {
			isa = PBXFrameworksBuildPhase;
			buildActionMask = 2147483647;
			files = (
				77CA69F27004B58CA0EBDEF5 /* Pods_Pain_App_Pain_AppUITests.framework in Frameworks */,
			);
			runOnlyForDeploymentPostprocessing = 0;
		};
/* End PBXFrameworksBuildPhase section */

/* Begin PBXGroup section */
		1F34292379B5231A7C32E0C2 /* Pods */ = {
			isa = PBXGroup;
			children = (
				100B82892060603C0D13B15D /* Pods-Pain App.debug.xcconfig */,
				89D7643FCDE6CF643D2BF448 /* Pods-Pain App.release.xcconfig */,
				E7F1AE4A47C10B737B2F162C /* Pods-Pain App-Pain AppUITests.debug.xcconfig */,
				671FA55BDC801B38F5D21D3F /* Pods-Pain App-Pain AppUITests.release.xcconfig */,
				831F205E734B993F002C0FD1 /* Pods-Pain AppTests.debug.xcconfig */,
				49951BF0F08E326A0D43D3BC /* Pods-Pain AppTests.release.xcconfig */,
			);
			path = Pods;
			sourceTree = "<group>";
		};
		57FD36E0BEC6E6174F1143EE /* Frameworks */ = {
			isa = PBXGroup;
			children = (
				82E00E89535EEB431DE051A1 /* Pods_Pain_App.framework */,
				F2408C6E3FD0A1513B1BAD62 /* Pods_Pain_App_Pain_AppUITests.framework */,
				5B80C822AC4E950EF9E79BC0 /* Pods_Pain_AppTests.framework */,
			);
			name = Frameworks;
			sourceTree = "<group>";
		};
		A947489A28EFD37F006D7075 /* Model */ = {
			isa = PBXGroup;
			children = (
			);
			path = Model;
			sourceTree = "<group>";
		};
		A947489C28EFD39B006D7075 /* View */ = {
			isa = PBXGroup;
			children = (
				A97F264428ED38E8004AD743 /* ContentView.swift */,
				A97F264228ED38E8004AD743 /* Pain_AppApp.swift */,
			);
			path = View;
			sourceTree = "<group>";
		};
		A947489D28EFD3A4006D7075 /* Controller */ = {
			isa = PBXGroup;
			children = (
			);
			path = Controller;
			sourceTree = "<group>";
		};
		A97F263628ED38E8004AD743 = {
			isa = PBXGroup;
			children = (
				A97F264128ED38E8004AD743 /* Pain App */,
				A97F265228ED38ED004AD743 /* Pain AppTests */,
				A97F265C28ED38ED004AD743 /* Pain AppUITests */,
				A97F264028ED38E8004AD743 /* Products */,
				1F34292379B5231A7C32E0C2 /* Pods */,
				57FD36E0BEC6E6174F1143EE /* Frameworks */,
			);
			sourceTree = "<group>";
		};
		A97F264028ED38E8004AD743 /* Products */ = {
			isa = PBXGroup;
			children = (
				A97F263F28ED38E8004AD743 /* Pain App.app */,
				A97F264F28ED38ED004AD743 /* Pain AppTests.xctest */,
				A97F265928ED38ED004AD743 /* Pain AppUITests.xctest */,
			);
			name = Products;
			sourceTree = "<group>";
		};
		A97F264128ED38E8004AD743 /* Pain App */ = {
			isa = PBXGroup;
			children = (
				A936074428EFFF71007F4BFB /* amplifyconfiguration.json */,
				A936074528EFFF71007F4BFB /* awsconfiguration.json */,
				A947489D28EFD3A4006D7075 /* Controller */,
				A947489C28EFD39B006D7075 /* View */,
				A947489A28EFD37F006D7075 /* Model */,
				A97F264628ED38EC004AD743 /* Assets.xcassets */,
				A97F264828ED38EC004AD743 /* Preview Content */,
			);
			path = "Pain App";
			sourceTree = "<group>";
		};
		A97F264828ED38EC004AD743 /* Preview Content */ = {
			isa = PBXGroup;
			children = (
				A97F264928ED38EC004AD743 /* Preview Assets.xcassets */,
			);
			path = "Preview Content";
			sourceTree = "<group>";
		};
		A97F265228ED38ED004AD743 /* Pain AppTests */ = {
			isa = PBXGroup;
			children = (
				A97F265328ED38ED004AD743 /* Pain_AppTests.swift */,
			);
			path = "Pain AppTests";
			sourceTree = "<group>";
		};
		A97F265C28ED38ED004AD743 /* Pain AppUITests */ = {
			isa = PBXGroup;
			children = (
				A97F265D28ED38ED004AD743 /* Pain_AppUITests.swift */,
				A97F265F28ED38ED004AD743 /* Pain_AppUITestsLaunchTests.swift */,
			);
			path = "Pain AppUITests";
			sourceTree = "<group>";
		};
/* End PBXGroup section */

/* Begin PBXNativeTarget section */
		A97F263E28ED38E8004AD743 /* Pain App */ = {
			isa = PBXNativeTarget;
			buildConfigurationList = A97F266328ED38ED004AD743 /* Build configuration list for PBXNativeTarget "Pain App" */;
			buildPhases = (
				0E1125091FA631DFADD2D993 /* [CP] Check Pods Manifest.lock */,
				A97F263B28ED38E8004AD743 /* Sources */,
				A97F263C28ED38E8004AD743 /* Frameworks */,
				A97F263D28ED38E8004AD743 /* Resources */,
				A9DFB62D28ED3EC700414664 /* ShellScript */,
				A9FF2532402CD0AD2C0E6786 /* [CP] Embed Pods Frameworks */,
			);
			buildRules = (
			);
			dependencies = (
			);
			name = "Pain App";
			productName = "Pain App";
			productReference = A97F263F28ED38E8004AD743 /* Pain App.app */;
			productType = "com.apple.product-type.application";
		};
		A97F264E28ED38ED004AD743 /* Pain AppTests */ = {
			isa = PBXNativeTarget;
			buildConfigurationList = A97F266628ED38ED004AD743 /* Build configuration list for PBXNativeTarget "Pain AppTests" */;
			buildPhases = (
				9B243D02828B3B41D473CB68 /* [CP] Check Pods Manifest.lock */,
				A97F264B28ED38ED004AD743 /* Sources */,
				A97F264C28ED38ED004AD743 /* Frameworks */,
				A97F264D28ED38ED004AD743 /* Resources */,
			);
			buildRules = (
			);
			dependencies = (
				A97F265128ED38ED004AD743 /* PBXTargetDependency */,
			);
			name = "Pain AppTests";
			productName = "Pain AppTests";
			productReference = A97F264F28ED38ED004AD743 /* Pain AppTests.xctest */;
			productType = "com.apple.product-type.bundle.unit-test";
		};
		A97F265828ED38ED004AD743 /* Pain AppUITests */ = {
			isa = PBXNativeTarget;
			buildConfigurationList = A97F266928ED38ED004AD743 /* Build configuration list for PBXNativeTarget "Pain AppUITests" */;
			buildPhases = (
				ED22B4AF8F4A09935592A064 /* [CP] Check Pods Manifest.lock */,
				A97F265528ED38ED004AD743 /* Sources */,
				A97F265628ED38ED004AD743 /* Frameworks */,
				A97F265728ED38ED004AD743 /* Resources */,
				DAB2D79F91B3E94923A54D9D /* [CP] Embed Pods Frameworks */,
			);
			buildRules = (
			);
			dependencies = (
				A97F265B28ED38ED004AD743 /* PBXTargetDependency */,
			);
			name = "Pain AppUITests";
			productName = "Pain AppUITests";
			productReference = A97F265928ED38ED004AD743 /* Pain AppUITests.xctest */;
			productType = "com.apple.product-type.bundle.ui-testing";
		};
/* End PBXNativeTarget section */

/* Begin PBXProject section */
		A97F263728ED38E8004AD743 /* Project object */ = {
			isa = PBXProject;
			attributes = {
				BuildIndependentTargetsInParallel = 1;
				LastSwiftUpdateCheck = 1400;
				LastUpgradeCheck = 1400;
				TargetAttributes = {
					A97F263E28ED38E8004AD743 = {
						CreatedOnToolsVersion = 14.0.1;
					};
					A97F264E28ED38ED004AD743 = {
						CreatedOnToolsVersion = 14.0.1;
						TestTargetID = A97F263E28ED38E8004AD743;
					};
					A97F265828ED38ED004AD743 = {
						CreatedOnToolsVersion = 14.0.1;
						TestTargetID = A97F263E28ED38E8004AD743;
					};
				};
			};
			buildConfigurationList = A97F263A28ED38E8004AD743 /* Build configuration list for PBXProject "Pain App" */;
			compatibilityVersion = "Xcode 14.0";
			developmentRegion = en;
			hasScannedForEncodings = 0;
			knownRegions = (
				en,
				Base,
			);
			mainGroup = A97F263628ED38E8004AD743;
			productRefGroup = A97F264028ED38E8004AD743 /* Products */;
			projectDirPath = "";
			projectRoot = "";
			targets = (
				A97F263E28ED38E8004AD743 /* Pain App */,
				A97F264E28ED38ED004AD743 /* Pain AppTests */,
				A97F265828ED38ED004AD743 /* Pain AppUITests */,
			);
		};
/* End PBXProject section */

/* Begin PBXResourcesBuildPhase section */
		A97F263D28ED38E8004AD743 /* Resources */ = {
			isa = PBXResourcesBuildPhase;
			buildActionMask = 2147483647;
			files = (
				A936074728EFFF71007F4BFB /* awsconfiguration.json in Resources */,
				A97F264A28ED38EC004AD743 /* Preview Assets.xcassets in Resources */,
				A936074628EFFF71007F4BFB /* amplifyconfiguration.json in Resources */,
				A97F264728ED38EC004AD743 /* Assets.xcassets in Resources */,
			);
			runOnlyForDeploymentPostprocessing = 0;
		};
		A97F264D28ED38ED004AD743 /* Resources */ = {
			isa = PBXResourcesBuildPhase;
			buildActionMask = 2147483647;
			files = (
			);
			runOnlyForDeploymentPostprocessing = 0;
		};
		A97F265728ED38ED004AD743 /* Resources */ = {
			isa = PBXResourcesBuildPhase;
			buildActionMask = 2147483647;
			files = (
			);
			runOnlyForDeploymentPostprocessing = 0;
		};
/* End PBXResourcesBuildPhase section */

/* Begin PBXShellScriptBuildPhase section */
		0E1125091FA631DFADD2D993 /* [CP] Check Pods Manifest.lock */ = {
			isa = PBXShellScriptBuildPhase;
			buildActionMask = 2147483647;
			files = (
			);
			inputFileListPaths = (
			);
			inputPaths = (
				"${PODS_PODFILE_DIR_PATH}/Podfile.lock",
				"${PODS_ROOT}/Manifest.lock",
			);
			name = "[CP] Check Pods Manifest.lock";
			outputFileListPaths = (
			);
			outputPaths = (
				"$(DERIVED_FILE_DIR)/Pods-Pain App-checkManifestLockResult.txt",
			);
			runOnlyForDeploymentPostprocessing = 0;
			shellPath = /bin/sh;
			shellScript = "diff \"${PODS_PODFILE_DIR_PATH}/Podfile.lock\" \"${PODS_ROOT}/Manifest.lock\" > /dev/null\nif [ $? != 0 ] ; then\n    # print error to STDERR\n    echo \"error: The sandbox is not in sync with the Podfile.lock. Run 'pod install' or update your CocoaPods installation.\" >&2\n    exit 1\nfi\n# This output is used by Xcode 'outputs' to avoid re-running this script phase.\necho \"SUCCESS\" > \"${SCRIPT_OUTPUT_FILE_0}\"\n";
			showEnvVarsInLog = 0;
		};
		9B243D02828B3B41D473CB68 /* [CP] Check Pods Manifest.lock */ = {
			isa = PBXShellScriptBuildPhase;
			buildActionMask = 2147483647;
			files = (
			);
			inputFileListPaths = (
			);
			inputPaths = (
				"${PODS_PODFILE_DIR_PATH}/Podfile.lock",
				"${PODS_ROOT}/Manifest.lock",
			);
			name = "[CP] Check Pods Manifest.lock";
			outputFileListPaths = (
			);
			outputPaths = (
				"$(DERIVED_FILE_DIR)/Pods-Pain AppTests-checkManifestLockResult.txt",
			);
			runOnlyForDeploymentPostprocessing = 0;
			shellPath = /bin/sh;
			shellScript = "diff \"${PODS_PODFILE_DIR_PATH}/Podfile.lock\" \"${PODS_ROOT}/Manifest.lock\" > /dev/null\nif [ $? != 0 ] ; then\n    # print error to STDERR\n    echo \"error: The sandbox is not in sync with the Podfile.lock. Run 'pod install' or update your CocoaPods installation.\" >&2\n    exit 1\nfi\n# This output is used by Xcode 'outputs' to avoid re-running this script phase.\necho \"SUCCESS\" > \"${SCRIPT_OUTPUT_FILE_0}\"\n";
			showEnvVarsInLog = 0;
		};
		A9DFB62D28ED3EC700414664 /* ShellScript */ = {
			isa = PBXShellScriptBuildPhase;
			alwaysOutOfDate = 1;
			buildActionMask = 2147483647;
			files = (
			);
			inputFileListPaths = (
			);
			inputPaths = (
			);
			outputFileListPaths = (
			);
			outputPaths = (
			);
			runOnlyForDeploymentPostprocessing = 0;
			shellPath = /bin/sh;
			shellScript = "if which swiftlint >/dev/null; then\n  swiftlint --config .swiftlint.yml\nelse\n  echo \"warning: SwiftLint not installed, download from https://github.com/realm/SwiftLint\"\nfi\n";
		};
		A9FF2532402CD0AD2C0E6786 /* [CP] Embed Pods Frameworks */ = {
			isa = PBXShellScriptBuildPhase;
			buildActionMask = 2147483647;
			files = (
			);
			inputFileListPaths = (
				"${PODS_ROOT}/Target Support Files/Pods-Pain App/Pods-Pain App-frameworks-${CONFIGURATION}-input-files.xcfilelist",
			);
			name = "[CP] Embed Pods Frameworks";
			outputFileListPaths = (
				"${PODS_ROOT}/Target Support Files/Pods-Pain App/Pods-Pain App-frameworks-${CONFIGURATION}-output-files.xcfilelist",
			);
			runOnlyForDeploymentPostprocessing = 0;
			shellPath = /bin/sh;
			shellScript = "\"${PODS_ROOT}/Target Support Files/Pods-Pain App/Pods-Pain App-frameworks.sh\"\n";
			showEnvVarsInLog = 0;
		};
		DAB2D79F91B3E94923A54D9D /* [CP] Embed Pods Frameworks */ = {
			isa = PBXShellScriptBuildPhase;
			buildActionMask = 2147483647;
			files = (
			);
			inputFileListPaths = (
				"${PODS_ROOT}/Target Support Files/Pods-Pain App-Pain AppUITests/Pods-Pain App-Pain AppUITests-frameworks-${CONFIGURATION}-input-files.xcfilelist",
			);
			name = "[CP] Embed Pods Frameworks";
			outputFileListPaths = (
				"${PODS_ROOT}/Target Support Files/Pods-Pain App-Pain AppUITests/Pods-Pain App-Pain AppUITests-frameworks-${CONFIGURATION}-output-files.xcfilelist",
			);
			runOnlyForDeploymentPostprocessing = 0;
			shellPath = /bin/sh;
			shellScript = "\"${PODS_ROOT}/Target Support Files/Pods-Pain App-Pain AppUITests/Pods-Pain App-Pain AppUITests-frameworks.sh\"\n";
			showEnvVarsInLog = 0;
		};
		ED22B4AF8F4A09935592A064 /* [CP] Check Pods Manifest.lock */ = {
			isa = PBXShellScriptBuildPhase;
			buildActionMask = 2147483647;
			files = (
			);
			inputFileListPaths = (
			);
			inputPaths = (
				"${PODS_PODFILE_DIR_PATH}/Podfile.lock",
				"${PODS_ROOT}/Manifest.lock",
			);
			name = "[CP] Check Pods Manifest.lock";
			outputFileListPaths = (
			);
			outputPaths = (
				"$(DERIVED_FILE_DIR)/Pods-Pain App-Pain AppUITests-checkManifestLockResult.txt",
			);
			runOnlyForDeploymentPostprocessing = 0;
			shellPath = /bin/sh;
			shellScript = "diff \"${PODS_PODFILE_DIR_PATH}/Podfile.lock\" \"${PODS_ROOT}/Manifest.lock\" > /dev/null\nif [ $? != 0 ] ; then\n    # print error to STDERR\n    echo \"error: The sandbox is not in sync with the Podfile.lock. Run 'pod install' or update your CocoaPods installation.\" >&2\n    exit 1\nfi\n# This output is used by Xcode 'outputs' to avoid re-running this script phase.\necho \"SUCCESS\" > \"${SCRIPT_OUTPUT_FILE_0}\"\n";
			showEnvVarsInLog = 0;
		};
/* End PBXShellScriptBuildPhase section */

/* Begin PBXSourcesBuildPhase section */
		A97F263B28ED38E8004AD743 /* Sources */ = {
			isa = PBXSourcesBuildPhase;
			buildActionMask = 2147483647;
			files = (
				A92E415928EFF12C007AB82D /* ContentView.swift in Sources */,
				A97F264328ED38E8004AD743 /* Pain_AppApp.swift in Sources */,
			);
			runOnlyForDeploymentPostprocessing = 0;
		};
		A97F264B28ED38ED004AD743 /* Sources */ = {
			isa = PBXSourcesBuildPhase;
			buildActionMask = 2147483647;
			files = (
				A97F265428ED38ED004AD743 /* Pain_AppTests.swift in Sources */,
			);
			runOnlyForDeploymentPostprocessing = 0;
		};
		A97F265528ED38ED004AD743 /* Sources */ = {
			isa = PBXSourcesBuildPhase;
			buildActionMask = 2147483647;
			files = (
				A97F266028ED38ED004AD743 /* Pain_AppUITestsLaunchTests.swift in Sources */,
				A97F265E28ED38ED004AD743 /* Pain_AppUITests.swift in Sources */,
			);
			runOnlyForDeploymentPostprocessing = 0;
		};
/* End PBXSourcesBuildPhase section */

/* Begin PBXTargetDependency section */
		A97F265128ED38ED004AD743 /* PBXTargetDependency */ = {
			isa = PBXTargetDependency;
			target = A97F263E28ED38E8004AD743 /* Pain App */;
			targetProxy = A97F265028ED38ED004AD743 /* PBXContainerItemProxy */;
		};
		A97F265B28ED38ED004AD743 /* PBXTargetDependency */ = {
			isa = PBXTargetDependency;
			target = A97F263E28ED38E8004AD743 /* Pain App */;
			targetProxy = A97F265A28ED38ED004AD743 /* PBXContainerItemProxy */;
		};
/* End PBXTargetDependency section */

/* Begin XCBuildConfiguration section */
		A97F266128ED38ED004AD743 /* Debug */ = {
			isa = XCBuildConfiguration;
			buildSettings = {
				ALWAYS_SEARCH_USER_PATHS = NO;
				CLANG_ANALYZER_NONNULL = YES;
				CLANG_ANALYZER_NUMBER_OBJECT_CONVERSION = YES_AGGRESSIVE;
				CLANG_CXX_LANGUAGE_STANDARD = "gnu++20";
				CLANG_ENABLE_MODULES = YES;
				CLANG_ENABLE_OBJC_ARC = YES;
				CLANG_ENABLE_OBJC_WEAK = YES;
				CLANG_WARN_BLOCK_CAPTURE_AUTORELEASING = YES;
				CLANG_WARN_BOOL_CONVERSION = YES;
				CLANG_WARN_COMMA = YES;
				CLANG_WARN_CONSTANT_CONVERSION = YES;
				CLANG_WARN_DEPRECATED_OBJC_IMPLEMENTATIONS = YES;
				CLANG_WARN_DIRECT_OBJC_ISA_USAGE = YES_ERROR;
				CLANG_WARN_DOCUMENTATION_COMMENTS = NO;
				CLANG_WARN_EMPTY_BODY = YES;
				CLANG_WARN_ENUM_CONVERSION = YES;
				CLANG_WARN_INFINITE_RECURSION = YES;
				CLANG_WARN_INT_CONVERSION = YES;
				CLANG_WARN_NON_LITERAL_NULL_CONVERSION = YES;
				CLANG_WARN_OBJC_IMPLICIT_RETAIN_SELF = YES;
				CLANG_WARN_OBJC_LITERAL_CONVERSION = YES;
				CLANG_WARN_OBJC_ROOT_CLASS = YES_ERROR;
				CLANG_WARN_QUOTED_INCLUDE_IN_FRAMEWORK_HEADER = YES;
				CLANG_WARN_RANGE_LOOP_ANALYSIS = YES;
				CLANG_WARN_STRICT_PROTOTYPES = YES;
				CLANG_WARN_SUSPICIOUS_MOVE = YES;
				CLANG_WARN_UNGUARDED_AVAILABILITY = YES_AGGRESSIVE;
				CLANG_WARN_UNREACHABLE_CODE = YES;
				CLANG_WARN__DUPLICATE_METHOD_MATCH = YES;
				COPY_PHASE_STRIP = NO;
				DEBUG_INFORMATION_FORMAT = dwarf;
				ENABLE_PREVIEWS = YES;
				ENABLE_STRICT_OBJC_MSGSEND = YES;
				ENABLE_TESTABILITY = YES;
				GCC_C_LANGUAGE_STANDARD = gnu11;
				GCC_DYNAMIC_NO_PIC = NO;
				GCC_NO_COMMON_BLOCKS = YES;
				GCC_OPTIMIZATION_LEVEL = 0;
				GCC_PREPROCESSOR_DEFINITIONS = (
					"DEBUG=1",
					"$(inherited)",
				);
				GCC_WARN_64_TO_32_BIT_CONVERSION = YES;
				GCC_WARN_ABOUT_RETURN_TYPE = YES_ERROR;
				GCC_WARN_UNDECLARED_SELECTOR = YES;
				GCC_WARN_UNINITIALIZED_AUTOS = YES_AGGRESSIVE;
				GCC_WARN_UNUSED_FUNCTION = YES;
				GCC_WARN_UNUSED_VARIABLE = YES;
				IPHONEOS_DEPLOYMENT_TARGET = 16.0;
				MTL_ENABLE_DEBUG_INFO = INCLUDE_SOURCE;
				MTL_FAST_MATH = YES;
				ONLY_ACTIVE_ARCH = YES;
				SDKROOT = iphoneos;
				SWIFT_ACTIVE_COMPILATION_CONDITIONS = DEBUG;
				SWIFT_OPTIMIZATION_LEVEL = "-Onone";
			};
			name = Debug;
		};
		A97F266228ED38ED004AD743 /* Release */ = {
			isa = XCBuildConfiguration;
			buildSettings = {
				ALWAYS_SEARCH_USER_PATHS = NO;
				CLANG_ANALYZER_NONNULL = YES;
				CLANG_ANALYZER_NUMBER_OBJECT_CONVERSION = YES_AGGRESSIVE;
				CLANG_CXX_LANGUAGE_STANDARD = "gnu++20";
				CLANG_ENABLE_MODULES = YES;
				CLANG_ENABLE_OBJC_ARC = YES;
				CLANG_ENABLE_OBJC_WEAK = YES;
				CLANG_WARN_BLOCK_CAPTURE_AUTORELEASING = YES;
				CLANG_WARN_BOOL_CONVERSION = YES;
				CLANG_WARN_COMMA = YES;
				CLANG_WARN_CONSTANT_CONVERSION = YES;
				CLANG_WARN_DEPRECATED_OBJC_IMPLEMENTATIONS = YES;
				CLANG_WARN_DIRECT_OBJC_ISA_USAGE = YES_ERROR;
				CLANG_WARN_DOCUMENTATION_COMMENTS = NO;
				CLANG_WARN_EMPTY_BODY = YES;
				CLANG_WARN_ENUM_CONVERSION = YES;
				CLANG_WARN_INFINITE_RECURSION = YES;
				CLANG_WARN_INT_CONVERSION = YES;
				CLANG_WARN_NON_LITERAL_NULL_CONVERSION = YES;
				CLANG_WARN_OBJC_IMPLICIT_RETAIN_SELF = YES;
				CLANG_WARN_OBJC_LITERAL_CONVERSION = YES;
				CLANG_WARN_OBJC_ROOT_CLASS = YES_ERROR;
				CLANG_WARN_QUOTED_INCLUDE_IN_FRAMEWORK_HEADER = YES;
				CLANG_WARN_RANGE_LOOP_ANALYSIS = YES;
				CLANG_WARN_STRICT_PROTOTYPES = YES;
				CLANG_WARN_SUSPICIOUS_MOVE = YES;
				CLANG_WARN_UNGUARDED_AVAILABILITY = YES_AGGRESSIVE;
				CLANG_WARN_UNREACHABLE_CODE = YES;
				CLANG_WARN__DUPLICATE_METHOD_MATCH = YES;
				COPY_PHASE_STRIP = NO;
				DEBUG_INFORMATION_FORMAT = "dwarf-with-dsym";
				ENABLE_NS_ASSERTIONS = NO;
				ENABLE_PREVIEWS = YES;
				ENABLE_STRICT_OBJC_MSGSEND = YES;
				GCC_C_LANGUAGE_STANDARD = gnu11;
				GCC_NO_COMMON_BLOCKS = YES;
				GCC_WARN_64_TO_32_BIT_CONVERSION = YES;
				GCC_WARN_ABOUT_RETURN_TYPE = YES_ERROR;
				GCC_WARN_UNDECLARED_SELECTOR = YES;
				GCC_WARN_UNINITIALIZED_AUTOS = YES_AGGRESSIVE;
				GCC_WARN_UNUSED_FUNCTION = YES;
				GCC_WARN_UNUSED_VARIABLE = YES;
				IPHONEOS_DEPLOYMENT_TARGET = 16.0;
				MTL_ENABLE_DEBUG_INFO = NO;
				MTL_FAST_MATH = YES;
				SDKROOT = iphoneos;
				SWIFT_COMPILATION_MODE = wholemodule;
				SWIFT_OPTIMIZATION_LEVEL = "-O";
				VALIDATE_PRODUCT = YES;
			};
			name = Release;
		};
		A97F266428ED38ED004AD743 /* Debug */ = {
			isa = XCBuildConfiguration;
			baseConfigurationReference = 100B82892060603C0D13B15D /* Pods-Pain App.debug.xcconfig */;
			buildSettings = {
				ASSETCATALOG_COMPILER_APPICON_NAME = AppIcon;
				ASSETCATALOG_COMPILER_GLOBAL_ACCENT_COLOR_NAME = AccentColor;
				CODE_SIGN_STYLE = Automatic;
				CURRENT_PROJECT_VERSION = 1;
				DEVELOPMENT_ASSET_PATHS = "\"Pain App/Preview Content\"";
				DEVELOPMENT_TEAM = DM75T87M34;
				ENABLE_PREVIEWS = YES;
				GENERATE_INFOPLIST_FILE = YES;
				INFOPLIST_KEY_UIApplicationSceneManifest_Generation = YES;
				INFOPLIST_KEY_UIApplicationSupportsIndirectInputEvents = YES;
				INFOPLIST_KEY_UILaunchScreen_Generation = YES;
				INFOPLIST_KEY_UILaunchStoryboardName = a;
				INFOPLIST_KEY_UISupportedInterfaceOrientations_iPad = "UIInterfaceOrientationPortrait UIInterfaceOrientationPortraitUpsideDown UIInterfaceOrientationLandscapeLeft UIInterfaceOrientationLandscapeRight";
				INFOPLIST_KEY_UISupportedInterfaceOrientations_iPhone = "UIInterfaceOrientationPortrait UIInterfaceOrientationLandscapeLeft UIInterfaceOrientationLandscapeRight";
				LD_RUNPATH_SEARCH_PATHS = (
					"$(inherited)",
					"@executable_path/Frameworks",
				);
				MARKETING_VERSION = 1.0;
				PRODUCT_BUNDLE_IDENTIFIER = "osu.Pain-App";
				PRODUCT_NAME = "$(TARGET_NAME)";
				SWIFT_EMIT_LOC_STRINGS = YES;
				SWIFT_VERSION = 5.0;
				TARGETED_DEVICE_FAMILY = "1,2";
			};
			name = Debug;
		};
		A97F266528ED38ED004AD743 /* Release */ = {
			isa = XCBuildConfiguration;
			baseConfigurationReference = 89D7643FCDE6CF643D2BF448 /* Pods-Pain App.release.xcconfig */;
			buildSettings = {
				ASSETCATALOG_COMPILER_APPICON_NAME = AppIcon;
				ASSETCATALOG_COMPILER_GLOBAL_ACCENT_COLOR_NAME = AccentColor;
				CODE_SIGN_STYLE = Automatic;
				CURRENT_PROJECT_VERSION = 1;
				DEVELOPMENT_ASSET_PATHS = "\"Pain App/Preview Content\"";
				DEVELOPMENT_TEAM = DM75T87M34;
				ENABLE_PREVIEWS = YES;
				GENERATE_INFOPLIST_FILE = YES;
				INFOPLIST_KEY_UIApplicationSceneManifest_Generation = YES;
				INFOPLIST_KEY_UIApplicationSupportsIndirectInputEvents = YES;
				INFOPLIST_KEY_UILaunchScreen_Generation = YES;
				INFOPLIST_KEY_UILaunchStoryboardName = a;
				INFOPLIST_KEY_UISupportedInterfaceOrientations_iPad = "UIInterfaceOrientationPortrait UIInterfaceOrientationPortraitUpsideDown UIInterfaceOrientationLandscapeLeft UIInterfaceOrientationLandscapeRight";
				INFOPLIST_KEY_UISupportedInterfaceOrientations_iPhone = "UIInterfaceOrientationPortrait UIInterfaceOrientationLandscapeLeft UIInterfaceOrientationLandscapeRight";
				LD_RUNPATH_SEARCH_PATHS = (
					"$(inherited)",
					"@executable_path/Frameworks",
				);
				MARKETING_VERSION = 1.0;
				PRODUCT_BUNDLE_IDENTIFIER = "osu.Pain-App";
				PRODUCT_NAME = "$(TARGET_NAME)";
				SWIFT_EMIT_LOC_STRINGS = YES;
				SWIFT_VERSION = 5.0;
				TARGETED_DEVICE_FAMILY = "1,2";
			};
			name = Release;
		};
		A97F266728ED38ED004AD743 /* Debug */ = {
			isa = XCBuildConfiguration;
			baseConfigurationReference = 831F205E734B993F002C0FD1 /* Pods-Pain AppTests.debug.xcconfig */;
			buildSettings = {
				ALWAYS_EMBED_SWIFT_STANDARD_LIBRARIES = YES;
				BUNDLE_LOADER = "$(TEST_HOST)";
				CODE_SIGN_STYLE = Automatic;
				CURRENT_PROJECT_VERSION = 1;
				DEVELOPMENT_TEAM = DM75T87M34;
				GENERATE_INFOPLIST_FILE = YES;
				IPHONEOS_DEPLOYMENT_TARGET = 16.0;
				MARKETING_VERSION = 1.0;
				PRODUCT_BUNDLE_IDENTIFIER = "osu.Pain-AppTests";
				PRODUCT_NAME = "$(TARGET_NAME)";
				SWIFT_EMIT_LOC_STRINGS = NO;
				SWIFT_VERSION = 5.0;
				TARGETED_DEVICE_FAMILY = "1,2";
				TEST_HOST = "$(BUILT_PRODUCTS_DIR)/Pain App.app/$(BUNDLE_EXECUTABLE_FOLDER_PATH)/Pain App";
			};
			name = Debug;
		};
		A97F266828ED38ED004AD743 /* Release */ = {
			isa = XCBuildConfiguration;
			baseConfigurationReference = 49951BF0F08E326A0D43D3BC /* Pods-Pain AppTests.release.xcconfig */;
			buildSettings = {
				ALWAYS_EMBED_SWIFT_STANDARD_LIBRARIES = YES;
				BUNDLE_LOADER = "$(TEST_HOST)";
				CODE_SIGN_STYLE = Automatic;
				CURRENT_PROJECT_VERSION = 1;
				DEVELOPMENT_TEAM = DM75T87M34;
				GENERATE_INFOPLIST_FILE = YES;
				IPHONEOS_DEPLOYMENT_TARGET = 16.0;
				MARKETING_VERSION = 1.0;
				PRODUCT_BUNDLE_IDENTIFIER = "osu.Pain-AppTests";
				PRODUCT_NAME = "$(TARGET_NAME)";
				SWIFT_EMIT_LOC_STRINGS = NO;
				SWIFT_VERSION = 5.0;
				TARGETED_DEVICE_FAMILY = "1,2";
				TEST_HOST = "$(BUILT_PRODUCTS_DIR)/Pain App.app/$(BUNDLE_EXECUTABLE_FOLDER_PATH)/Pain App";
			};
			name = Release;
		};
		A97F266A28ED38ED004AD743 /* Debug */ = {
			isa = XCBuildConfiguration;
			baseConfigurationReference = E7F1AE4A47C10B737B2F162C /* Pods-Pain App-Pain AppUITests.debug.xcconfig */;
			buildSettings = {
				ALWAYS_EMBED_SWIFT_STANDARD_LIBRARIES = YES;
				CODE_SIGN_STYLE = Automatic;
				CURRENT_PROJECT_VERSION = 1;
				DEVELOPMENT_TEAM = DM75T87M34;
				GENERATE_INFOPLIST_FILE = YES;
				MARKETING_VERSION = 1.0;
				PRODUCT_BUNDLE_IDENTIFIER = "osu.Pain-AppUITests";
				PRODUCT_NAME = "$(TARGET_NAME)";
				SWIFT_EMIT_LOC_STRINGS = NO;
				SWIFT_VERSION = 5.0;
				TARGETED_DEVICE_FAMILY = "1,2";
				TEST_TARGET_NAME = "Pain App";
			};
			name = Debug;
		};
		A97F266B28ED38ED004AD743 /* Release */ = {
			isa = XCBuildConfiguration;
			baseConfigurationReference = 671FA55BDC801B38F5D21D3F /* Pods-Pain App-Pain AppUITests.release.xcconfig */;
			buildSettings = {
				ALWAYS_EMBED_SWIFT_STANDARD_LIBRARIES = YES;
				CODE_SIGN_STYLE = Automatic;
				CURRENT_PROJECT_VERSION = 1;
				DEVELOPMENT_TEAM = DM75T87M34;
				GENERATE_INFOPLIST_FILE = YES;
				MARKETING_VERSION = 1.0;
				PRODUCT_BUNDLE_IDENTIFIER = "osu.Pain-AppUITests";
				PRODUCT_NAME = "$(TARGET_NAME)";
				SWIFT_EMIT_LOC_STRINGS = NO;
				SWIFT_VERSION = 5.0;
				TARGETED_DEVICE_FAMILY = "1,2";
				TEST_TARGET_NAME = "Pain App";
			};
			name = Release;
		};
/* End XCBuildConfiguration section */

/* Begin XCConfigurationList section */
		A97F263A28ED38E8004AD743 /* Build configuration list for PBXProject "Pain App" */ = {
			isa = XCConfigurationList;
			buildConfigurations = (
				A97F266128ED38ED004AD743 /* Debug */,
				A97F266228ED38ED004AD743 /* Release */,
			);
			defaultConfigurationIsVisible = 0;
			defaultConfigurationName = Release;
		};
		A97F266328ED38ED004AD743 /* Build configuration list for PBXNativeTarget "Pain App" */ = {
			isa = XCConfigurationList;
			buildConfigurations = (
				A97F266428ED38ED004AD743 /* Debug */,
				A97F266528ED38ED004AD743 /* Release */,
			);
			defaultConfigurationIsVisible = 0;
			defaultConfigurationName = Release;
		};
		A97F266628ED38ED004AD743 /* Build configuration list for PBXNativeTarget "Pain AppTests" */ = {
			isa = XCConfigurationList;
			buildConfigurations = (
				A97F266728ED38ED004AD743 /* Debug */,
				A97F266828ED38ED004AD743 /* Release */,
			);
			defaultConfigurationIsVisible = 0;
			defaultConfigurationName = Release;
		};
		A97F266928ED38ED004AD743 /* Build configuration list for PBXNativeTarget "Pain AppUITests" */ = {
			isa = XCConfigurationList;
			buildConfigurations = (
				A97F266A28ED38ED004AD743 /* Debug */,
				A97F266B28ED38ED004AD743 /* Release */,
			);
			defaultConfigurationIsVisible = 0;
			defaultConfigurationName = Release;
		};
/* End XCConfigurationList section */
	};
	rootObject = A97F263728ED38E8004AD743 /* Project object */;
}
